
Microsoft Visual Studio Solution File, Format Version 12.00
# Visual Studio 15
VisualStudioVersion = 15.0.26403.7
MinimumVisualStudioVersion = 10.0.40219.1
Project("{8BC9CEB8-8B4A-11D0-8D11-00A0C91BC942}") = "1", "1.vcxproj", "{A8F9AB4D-0304-4F4C-B3A1-77312AC17233}"
EndProject
Project("{8BC9CEB8-8B4A-11D0-8D11-00A0C91BC942}") = "2", "..\2\2.vcxproj", "{532CFBBD-379A-4F67-8320-2E6F1D2AFFAA}"
EndProject
Project("{8BC9CEB8-8B4A-11D0-8D11-00A0C91BC942}") = "3", "3\3.vcxproj", "{3F93F120-BE87-425E-B600-5BCC8A9E4C81}"
EndProject
Project("{8BC9CEB8-8B4A-11D0-8D11-00A0C91BC942}") = "4", "4\4.vcxproj", "{18768C0F-E2B8-4270-922A-7508AE7D12FB}"
EndProject
Project("{8BC9CEB8-8B4A-11D0-8D11-00A0C91BC942}") = "5", "5\5.vcxproj", "{31F34FE6-60F0-41A1-8A69-0CCA67606753}"
EndProject
Project("{8BC9CEB8-8B4A-11D0-8D11-00A0C91BC942}") = "6", "6\6.vcxproj", "{B529BD0C-DCF0-4A8D-86E8-6E786CE29C8E}"
EndProject
Project("{8BC9CEB8-8B4A-11D0-8D11-00A0C91BC942}") = "7", "7\7.vcxproj", "{66239D4D-B273-4CD1-9F79-5FD1E7997238}"
EndProject
Global
	GlobalSection(SolutionConfigurationPlatforms) = preSolution
		Debug|x64 = Debug|x64
		Debug|x86 = Debug|x86
		Release|x64 = Release|x64
		Release|x86 = Release|x86
	EndGlobalSection
	GlobalSection(ProjectConfigurationPlatforms) = postSolution
		{A8F9AB4D-0304-4F4C-B3A1-77312AC17233}.Debug|x64.ActiveCfg = Debug|x64
		{A8F9AB4D-0304-4F4C-B3A1-77312AC17233}.Debug|x64.Build.0 = Debug|x64
		{A8F9AB4D-0304-4F4C-B3A1-77312AC17233}.Debug|x86.ActiveCfg = Debug|Win32
		{A8F9AB4D-0304-4F4C-B3A1-77312AC17233}.Debug|x86.Build.0 = Debug|Win32
		{A8F9AB4D-0304-4F4C-B3A1-77312AC17233}.Release|x64.ActiveCfg = Release|x64
		{A8F9AB4D-0304-4F4C-B3A1-77312AC17233}.Release|x64.Build.0 = Release|x64
		{A8F9AB4D-0304-4F4C-B3A1-77312AC17233}.Release|x86.ActiveCfg = Release|Win32
		{A8F9AB4D-0304-4F4C-B3A1-77312AC17233}.Release|x86.Build.0 = Release|Win32
		{532CFBBD-379A-4F67-8320-2E6F1D2AFFAA}.Debug|x64.ActiveCfg = Debug|x64
		{532CFBBD-379A-4F67-8320-2E6F1D2AFFAA}.Debug|x64.Build.0 = Debug|x64
		{532CFBBD-379A-4F67-8320-2E6F1D2AFFAA}.Debug|x86.ActiveCfg = Debug|Win32
		{532CFBBD-379A-4F67-8320-2E6F1D2AFFAA}.Debug|x86.Build.0 = Debug|Win32
		{532CFBBD-379A-4F67-8320-2E6F1D2AFFAA}.Release|x64.ActiveCfg = Release|x64
		{532CFBBD-379A-4F67-8320-2E6F1D2AFFAA}.Release|x64.Build.0 = Release|x64
		{532CFBBD-379A-4F67-8320-2E6F1D2AFFAA}.Release|x86.ActiveCfg = Release|Win32
		{532CFBBD-379A-4F67-8320-2E6F1D2AFFAA}.Release|x86.Build.0 = Release|Win32
		{3F93F120-BE87-425E-B600-5BCC8A9E4C81}.Debug|x64.ActiveCfg = Debug|x64
		{3F93F120-BE87-425E-B600-5BCC8A9E4C81}.Debug|x64.Build.0 = Debug|x64
		{3F93F120-BE87-425E-B600-5BCC8A9E4C81}.Debug|x86.ActiveCfg = Debug|Win32
		{3F93F120-BE87-425E-B600-5BCC8A9E4C81}.Debug|x86.Build.0 = Debug|Win32
		{3F93F120-BE87-425E-B600-5BCC8A9E4C81}.Release|x64.ActiveCfg = Release|x64
		{3F93F120-BE87-425E-B600-5BCC8A9E4C81}.Release|x64.Build.0 = Release|x64
		{3F93F120-BE87-425E-B600-5BCC8A9E4C81}.Release|x86.ActiveCfg = Release|Win32
		{3F93F120-BE87-425E-B600-5BCC8A9E4C81}.Release|x86.Build.0 = Release|Win32
		{18768C0F-E2B8-4270-922A-7508AE7D12FB}.Debug|x64.ActiveCfg = Debug|x64
		{18768C0F-E2B8-4270-922A-7508AE7D12FB}.Debug|x64.Build.0 = Debug|x64
		{18768C0F-E2B8-4270-922A-7508AE7D12FB}.Debug|x86.ActiveCfg = Debug|Win32
		{18768C0F-E2B8-4270-922A-7508AE7D12FB}.Debug|x86.Build.0 = Debug|Win32
		{18768C0F-E2B8-4270-922A-7508AE7D12FB}.Release|x64.ActiveCfg = Release|x64
		{18768C0F-E2B8-4270-922A-7508AE7D12FB}.Release|x64.Build.0 = Release|x64
		{18768C0F-E2B8-4270-922A-7508AE7D12FB}.Release|x86.ActiveCfg = Release|Win32
		{18768C0F-E2B8-4270-922A-7508AE7D12FB}.Release|x86.Build.0 = Release|Win32
		{31F34FE6-60F0-41A1-8A69-0CCA67606753}.Debug|x64.ActiveCfg = Debug|x64
		{31F34FE6-60F0-41A1-8A69-0CCA67606753}.Debug|x64.Build.0 = Debug|x64
		{31F34FE6-60F0-41A1-8A69-0CCA67606753}.Debug|x86.ActiveCfg = Debug|Win32
		{31F34FE6-60F0-41A1-8A69-0CCA67606753}.Debug|x86.Build.0 = Debug|Win32
		{31F34FE6-60F0-41A1-8A69-0CCA67606753}.Release|x64.ActiveCfg = Release|x64
		{31F34FE6-60F0-41A1-8A69-0CCA67606753}.Release|x64.Build.0 = Release|x64
		{31F34FE6-60F0-41A1-8A69-0CCA67606753}.Release|x86.ActiveCfg = Release|Win32
		{31F34FE6-60F0-41A1-8A69-0CCA67606753}.Release|x86.Build.0 = Release|Win32
		{B529BD0C-DCF0-4A8D-86E8-6E786CE29C8E}.Debug|x64.ActiveCfg = Debug|x64
		{B529BD0C-DCF0-4A8D-86E8-6E786CE29C8E}.Debug|x64.Build.0 = Debug|x64
		{B529BD0C-DCF0-4A8D-86E8-6E786CE29C8E}.Debug|x86.ActiveCfg = Debug|Win32
		{B529BD0C-DCF0-4A8D-86E8-6E786CE29C8E}.Debug|x86.Build.0 = Debug|Win32
		{B529BD0C-DCF0-4A8D-86E8-6E786CE29C8E}.Release|x64.ActiveCfg = Release|x64
		{B529BD0C-DCF0-4A8D-86E8-6E786CE29C8E}.Release|x64.Build.0 = Release|x64
		{B529BD0C-DCF0-4A8D-86E8-6E786CE29C8E}.Release|x86.ActiveCfg = Release|Win32
		{B529BD0C-DCF0-4A8D-86E8-6E786CE29C8E}.Release|x86.Build.0 = Release|Win32
		{66239D4D-B273-4CD1-9F79-5FD1E7997238}.Debug|x64.ActiveCfg = Debug|x64
		{66239D4D-B273-4CD1-9F79-5FD1E7997238}.Debug|x64.Build.0 = Debug|x64
		{66239D4D-B273-4CD1-9F79-5FD1E7997238}.Debug|x86.ActiveCfg = Debug|Win32
		{66239D4D-B273-4CD1-9F79-5FD1E7997238}.Debug|x86.Build.0 = Debug|Win32
		{66239D4D-B273-4CD1-9F79-5FD1E7997238}.Release|x64.ActiveCfg = Release|x64
		{66239D4D-B273-4CD1-9F79-5FD1E7997238}.Release|x64.Build.0 = Release|x64
		{66239D4D-B273-4CD1-9F79-5FD1E7997238}.Release|x86.ActiveCfg = Release|Win32
		{66239D4D-B273-4CD1-9F79-5FD1E7997238}.Release|x86.Build.0 = Release|Win32
	EndGlobalSection
	GlobalSection(SolutionProperties) = preSolution
		HideSolutionNode = FALSE
	EndGlobalSection
EndGlobal
