
Microsoft Visual Studio Solution File, Format Version 12.00
# Visual Studio 15
VisualStudioVersion = 15.0.26430.13
MinimumVisualStudioVersion = 10.0.40219.1
Project("{8BC9CEB8-8B4A-11D0-8D11-00A0C91BC942}") = "1", "1\1.vcxproj", "{98B36C98-4861-4220-9C73-5628F986A952}"
EndProject
Project("{8BC9CEB8-8B4A-11D0-8D11-00A0C91BC942}") = "2", "2\2.vcxproj", "{A2D16F7D-46C3-429D-B192-7C7FB91A372D}"
EndProject
Project("{8BC9CEB8-8B4A-11D0-8D11-00A0C91BC942}") = "3", "3\3.vcxproj", "{7B13DC8D-55D9-48E9-AB7A-D48D3BBB6F72}"
EndProject
Project("{8BC9CEB8-8B4A-11D0-8D11-00A0C91BC942}") = "4", "4\4.vcxproj", "{D263E3D9-DB8D-47A9-9F6B-4006C28CF047}"
EndProject
Project("{8BC9CEB8-8B4A-11D0-8D11-00A0C91BC942}") = "5", "5\5.vcxproj", "{67B326AF-9427-45FC-8D9E-95DC29C4F320}"
EndProject
Project("{8BC9CEB8-8B4A-11D0-8D11-00A0C91BC942}") = "6", "6\6.vcxproj", "{54A0739B-B2BE-4504-9B70-FA954414990E}"
EndProject
Project("{8BC9CEB8-8B4A-11D0-8D11-00A0C91BC942}") = "7", "7\7.vcxproj", "{3E176FFD-C36D-4CA7-8C63-A24D51380C0C}"
EndProject
Global
	GlobalSection(SolutionConfigurationPlatforms) = preSolution
		Debug|x64 = Debug|x64
		Debug|x86 = Debug|x86
		Release|x64 = Release|x64
		Release|x86 = Release|x86
	EndGlobalSection
	GlobalSection(ProjectConfigurationPlatforms) = postSolution
		{98B36C98-4861-4220-9C73-5628F986A952}.Debug|x64.ActiveCfg = Debug|x64
		{98B36C98-4861-4220-9C73-5628F986A952}.Debug|x64.Build.0 = Debug|x64
		{98B36C98-4861-4220-9C73-5628F986A952}.Debug|x86.ActiveCfg = Debug|Win32
		{98B36C98-4861-4220-9C73-5628F986A952}.Debug|x86.Build.0 = Debug|Win32
		{98B36C98-4861-4220-9C73-5628F986A952}.Release|x64.ActiveCfg = Release|x64
		{98B36C98-4861-4220-9C73-5628F986A952}.Release|x64.Build.0 = Release|x64
		{98B36C98-4861-4220-9C73-5628F986A952}.Release|x86.ActiveCfg = Release|Win32
		{98B36C98-4861-4220-9C73-5628F986A952}.Release|x86.Build.0 = Release|Win32
		{A2D16F7D-46C3-429D-B192-7C7FB91A372D}.Debug|x64.ActiveCfg = Debug|x64
		{A2D16F7D-46C3-429D-B192-7C7FB91A372D}.Debug|x64.Build.0 = Debug|x64
		{A2D16F7D-46C3-429D-B192-7C7FB91A372D}.Debug|x86.ActiveCfg = Debug|Win32
		{A2D16F7D-46C3-429D-B192-7C7FB91A372D}.Debug|x86.Build.0 = Debug|Win32
		{A2D16F7D-46C3-429D-B192-7C7FB91A372D}.Release|x64.ActiveCfg = Release|x64
		{A2D16F7D-46C3-429D-B192-7C7FB91A372D}.Release|x64.Build.0 = Release|x64
		{A2D16F7D-46C3-429D-B192-7C7FB91A372D}.Release|x86.ActiveCfg = Release|Win32
		{A2D16F7D-46C3-429D-B192-7C7FB91A372D}.Release|x86.Build.0 = Release|Win32
		{7B13DC8D-55D9-48E9-AB7A-D48D3BBB6F72}.Debug|x64.ActiveCfg = Debug|x64
		{7B13DC8D-55D9-48E9-AB7A-D48D3BBB6F72}.Debug|x64.Build.0 = Debug|x64
		{7B13DC8D-55D9-48E9-AB7A-D48D3BBB6F72}.Debug|x86.ActiveCfg = Debug|Win32
		{7B13DC8D-55D9-48E9-AB7A-D48D3BBB6F72}.Debug|x86.Build.0 = Debug|Win32
		{7B13DC8D-55D9-48E9-AB7A-D48D3BBB6F72}.Release|x64.ActiveCfg = Release|x64
		{7B13DC8D-55D9-48E9-AB7A-D48D3BBB6F72}.Release|x64.Build.0 = Release|x64
		{7B13DC8D-55D9-48E9-AB7A-D48D3BBB6F72}.Release|x86.ActiveCfg = Release|Win32
		{7B13DC8D-55D9-48E9-AB7A-D48D3BBB6F72}.Release|x86.Build.0 = Release|Win32
		{D263E3D9-DB8D-47A9-9F6B-4006C28CF047}.Debug|x64.ActiveCfg = Debug|x64
		{D263E3D9-DB8D-47A9-9F6B-4006C28CF047}.Debug|x64.Build.0 = Debug|x64
		{D263E3D9-DB8D-47A9-9F6B-4006C28CF047}.Debug|x86.ActiveCfg = Debug|Win32
		{D263E3D9-DB8D-47A9-9F6B-4006C28CF047}.Debug|x86.Build.0 = Debug|Win32
		{D263E3D9-DB8D-47A9-9F6B-4006C28CF047}.Release|x64.ActiveCfg = Release|x64
		{D263E3D9-DB8D-47A9-9F6B-4006C28CF047}.Release|x64.Build.0 = Release|x64
		{D263E3D9-DB8D-47A9-9F6B-4006C28CF047}.Release|x86.ActiveCfg = Release|Win32
		{D263E3D9-DB8D-47A9-9F6B-4006C28CF047}.Release|x86.Build.0 = Release|Win32
		{67B326AF-9427-45FC-8D9E-95DC29C4F320}.Debug|x64.ActiveCfg = Debug|x64
		{67B326AF-9427-45FC-8D9E-95DC29C4F320}.Debug|x64.Build.0 = Debug|x64
		{67B326AF-9427-45FC-8D9E-95DC29C4F320}.Debug|x86.ActiveCfg = Debug|Win32
		{67B326AF-9427-45FC-8D9E-95DC29C4F320}.Debug|x86.Build.0 = Debug|Win32
		{67B326AF-9427-45FC-8D9E-95DC29C4F320}.Release|x64.ActiveCfg = Release|x64
		{67B326AF-9427-45FC-8D9E-95DC29C4F320}.Release|x64.Build.0 = Release|x64
		{67B326AF-9427-45FC-8D9E-95DC29C4F320}.Release|x86.ActiveCfg = Release|Win32
		{67B326AF-9427-45FC-8D9E-95DC29C4F320}.Release|x86.Build.0 = Release|Win32
		{54A0739B-B2BE-4504-9B70-FA954414990E}.Debug|x64.ActiveCfg = Debug|x64
		{54A0739B-B2BE-4504-9B70-FA954414990E}.Debug|x64.Build.0 = Debug|x64
		{54A0739B-B2BE-4504-9B70-FA954414990E}.Debug|x86.ActiveCfg = Debug|Win32
		{54A0739B-B2BE-4504-9B70-FA954414990E}.Debug|x86.Build.0 = Debug|Win32
		{54A0739B-B2BE-4504-9B70-FA954414990E}.Release|x64.ActiveCfg = Release|x64
		{54A0739B-B2BE-4504-9B70-FA954414990E}.Release|x64.Build.0 = Release|x64
		{54A0739B-B2BE-4504-9B70-FA954414990E}.Release|x86.ActiveCfg = Release|Win32
		{54A0739B-B2BE-4504-9B70-FA954414990E}.Release|x86.Build.0 = Release|Win32
		{3E176FFD-C36D-4CA7-8C63-A24D51380C0C}.Debug|x64.ActiveCfg = Debug|x64
		{3E176FFD-C36D-4CA7-8C63-A24D51380C0C}.Debug|x64.Build.0 = Debug|x64
		{3E176FFD-C36D-4CA7-8C63-A24D51380C0C}.Debug|x86.ActiveCfg = Debug|Win32
		{3E176FFD-C36D-4CA7-8C63-A24D51380C0C}.Debug|x86.Build.0 = Debug|Win32
		{3E176FFD-C36D-4CA7-8C63-A24D51380C0C}.Release|x64.ActiveCfg = Release|x64
		{3E176FFD-C36D-4CA7-8C63-A24D51380C0C}.Release|x64.Build.0 = Release|x64
		{3E176FFD-C36D-4CA7-8C63-A24D51380C0C}.Release|x86.ActiveCfg = Release|Win32
		{3E176FFD-C36D-4CA7-8C63-A24D51380C0C}.Release|x86.Build.0 = Release|Win32
	EndGlobalSection
	GlobalSection(SolutionProperties) = preSolution
		HideSolutionNode = FALSE
	EndGlobalSection
EndGlobal
